
Microsoft Visual Studio Solution File, Format Version 12.00
# Visual Studio Version 16
VisualStudioVersion = 16.0.31005.135
MinimumVisualStudioVersion = 10.0.40219.1
Project("{FAE04EC0-301F-11D3-BF4B-00C04F79EFBC}") = "Lab1", "Lab1.csproj", "{16AD9B0B-9314-4BDB-BF19-59C46432B5DB}"
EndProject
Project("{FAE04EC0-301F-11D3-BF4B-00C04F79EFBC}") = "UnitTestLab1", "..\UnitTestLab1\UnitTestLab1.csproj", "{EF016096-226D-43EA-8921-85E970A0767C}"
EndProject
Global
	GlobalSection(SolutionConfigurationPlatforms) = preSolution
		Debug|Any CPU = Debug|Any CPU
		Release|Any CPU = Release|Any CPU
	EndGlobalSection
	GlobalSection(ProjectConfigurationPlatforms) = postSolution
		{16AD9B0B-9314-4BDB-BF19-59C46432B5DB}.Debug|Any CPU.ActiveCfg = Debug|Any CPU
		{16AD9B0B-9314-4BDB-BF19-59C46432B5DB}.Debug|Any CPU.Build.0 = Debug|Any CPU
		{16AD9B0B-9314-4BDB-BF19-59C46432B5DB}.Release|Any CPU.ActiveCfg = Release|Any CPU
		{16AD9B0B-9314-4BDB-BF19-59C46432B5DB}.Release|Any CPU.Build.0 = Release|Any CPU
		{EF016096-226D-43EA-8921-85E970A0767C}.Debug|Any CPU.ActiveCfg = Debug|Any CPU
		{EF016096-226D-43EA-8921-85E970A0767C}.Debug|Any CPU.Build.0 = Debug|Any CPU
		{EF016096-226D-43EA-8921-85E970A0767C}.Release|Any CPU.ActiveCfg = Release|Any CPU
		{EF016096-226D-43EA-8921-85E970A0767C}.Release|Any CPU.Build.0 = Release|Any CPU
	EndGlobalSection
	GlobalSection(SolutionProperties) = preSolution
		HideSolutionNode = FALSE
	EndGlobalSection
	GlobalSection(ExtensibilityGlobals) = postSolution
		SolutionGuid = {8BE3D4E5-1C93-4DB0-8568-0BFBA62EBB1D}
	EndGlobalSection
EndGlobal
